Microsoft Visual Studio Solution File, Format Version 12.00
# Visual Studio Version 17
VisualStudioVersion = 17.5.2.0
MinimumVisualStudioVersion = 10.0.40219.1
Project("{FAE04EC0-301F-11D3-BF4B-00C04F79EFBC}") = "DatingAppCourse.API", "DatingAppCourse.API\DatingAppCourse.API.csproj", "{96531D8D-A734-E7AE-521D-FF8E20DE0E6F}"
EndProject
Global
	GlobalSection(SolutionConfigurationPlatforms) = preSolution
		Debug|Any CPU = Debug|Any CPU
		Release|Any CPU = Release|Any CPU
	EndGlobalSection
	GlobalSection(ProjectConfigurationPlatforms) = postSolution
		{96531D8D-A734-E7AE-521D-FF8E20DE0E6F}.Debug|Any CPU.ActiveCfg = Debug|Any CPU
		{96531D8D-A734-E7AE-521D-FF8E20DE0E6F}.Debug|Any CPU.Build.0 = Debug|Any CPU
		{96531D8D-A734-E7AE-521D-FF8E20DE0E6F}.Release|Any CPU.ActiveCfg = Release|Any CPU
		{96531D8D-A734-E7AE-521D-FF8E20DE0E6F}.Release|Any CPU.Build.0 = Release|Any CPU
	EndGlobalSection
	GlobalSection(SolutionProperties) = preSolution
		HideSolutionNode = FALSE
	EndGlobalSection
	GlobalSection(ExtensibilityGlobals) = postSolution
		SolutionGuid = {88D7AD8C-28A7-4839-B371-161F0EDA7BFB}
	EndGlobalSection
EndGlobal
